// !$*UTF8*$!
{
	archiveVersion = 1;
	classes = {
	};
	objectVersion = 56;
	objects = {

/* Begin PBXBuildFile section */
		4589554B29719D26009BE1C2 /* AppDelegate.swift in Sources */ = {isa = PBXBuildFile; fileRef = 4589554A29719D26009BE1C2 /* AppDelegate.swift */; };
		4589554D29719D26009BE1C2 /* SceneDelegate.swift in Sources */ = {isa = PBXBuildFile; fileRef = 4589554C29719D26009BE1C2 /* SceneDelegate.swift */; };
		4589554F29719D26009BE1C2 /* ViewController.swift in Sources */ = {isa = PBXBuildFile; fileRef = 4589554E29719D26009BE1C2 /* ViewController.swift */; };
		4589555229719D26009BE1C2 /* Main.storyboard in Resources */ = {isa = PBXBuildFile; fileRef = 4589555029719D26009BE1C2 /* Main.storyboard */; };
		4589555429719D28009BE1C2 /* Assets.xcassets in Resources */ = {isa = PBXBuildFile; fileRef = 4589555329719D28009BE1C2 /* Assets.xcassets */; };
		4589555729719D28009BE1C2 /* LaunchScreen.storyboard in Resources */ = {isa = PBXBuildFile; fileRef = 4589555529719D28009BE1C2 /* LaunchScreen.storyboard */; };
		4589556229719D28009BE1C2 /* FirebaseFreehandProjectLarsenTests.swift in Sources */ = {isa = PBXBuildFile; fileRef = 4589556129719D28009BE1C2 /* FirebaseFreehandProjectLarsenTests.swift */; };
		4589556C29719D28009BE1C2 /* FirebaseFreehandProjectLarsenUITests.swift in Sources */ = {isa = PBXBuildFile; fileRef = 4589556B29719D28009BE1C2 /* FirebaseFreehandProjectLarsenUITests.swift */; };
		4589556E29719D28009BE1C2 /* FirebaseFreehandProjectLarsenUITestsLaunchTests.swift in Sources */ = {isa = PBXBuildFile; fileRef = 4589556D29719D28009BE1C2 /* FirebaseFreehandProjectLarsenUITestsLaunchTests.swift */; };
		4589557B29719D4D009BE1C2 /* GoogleService-Info.plist in Resources */ = {isa = PBXBuildFile; fileRef = 4589557A29719D4C009BE1C2 /* GoogleService-Info.plist */; };
		458C97E22976DB8B007C19C8 /* FirebaseAuth in Frameworks */ = {isa = PBXBuildFile; productRef = 458C97E12976DB8B007C19C8 /* FirebaseAuth */; };
		458C97E42976DB8B007C19C8 /* FirebaseDatabase in Frameworks */ = {isa = PBXBuildFile; productRef = 458C97E32976DB8B007C19C8 /* FirebaseDatabase */; };
		458C97E62976DB8B007C19C8 /* FirebaseDatabaseSwift in Frameworks */ = {isa = PBXBuildFile; productRef = 458C97E52976DB8B007C19C8 /* FirebaseDatabaseSwift */; };
		458C97E82976DB8B007C19C8 /* FirebaseFirestore in Frameworks */ = {isa = PBXBuildFile; productRef = 458C97E72976DB8B007C19C8 /* FirebaseFirestore */; };
/* End PBXBuildFile section */

/* Begin PBXContainerItemProxy section */
		4589555E29719D28009BE1C2 /* PBXContainerItemProxy */ = {
			isa = PBXContainerItemProxy;
			containerPortal = 4589553F29719D26009BE1C2 /* Project object */;
			proxyType = 1;
			remoteGlobalIDString = 4589554629719D26009BE1C2;
			remoteInfo = FirebaseFreehandProjectLarsen;
		};
		4589556829719D28009BE1C2 /* PBXContainerItemProxy */ = {
			isa = PBXContainerItemProxy;
			containerPortal = 4589553F29719D26009BE1C2 /* Project object */;
			proxyType = 1;
			remoteGlobalIDString = 4589554629719D26009BE1C2;
			remoteInfo = FirebaseFreehandProjectLarsen;
		};
/* End PBXContainerItemProxy section */

/* Begin PBXFileReference section */
		4589554729719D26009BE1C2 /* FirebaseFreehandProjectLarsen.app */ = {isa = PBXFileReference; explicitFileType = wrapper.application; includeInIndex = 0; path = FirebaseFreehandProjectLarsen.app; sourceTree = BUILT_PRODUCTS_DIR; };
		4589554A29719D26009BE1C2 /* AppDelegate.swift */ = {isa = PBXFileReference; lastKnownFileType = sourcecode.swift; path = AppDelegate.swift; sourceTree = "<group>"; };
		4589554C29719D26009BE1C2 /* SceneDelegate.swift */ = {isa = PBXFileReference; lastKnownFileType = sourcecode.swift; path = SceneDelegate.swift; sourceTree = "<group>"; };
		4589554E29719D26009BE1C2 /* ViewController.swift */ = {isa = PBXFileReference; lastKnownFileType = sourcecode.swift; path = ViewController.swift; sourceTree = "<group>"; };
		4589555129719D26009BE1C2 /* Base */ = {isa = PBXFileReference; lastKnownFileType = file.storyboard; name = Base; path = Base.lproj/Main.storyboard; sourceTree = "<group>"; };
		4589555329719D28009BE1C2 /* Assets.xcassets */ = {isa = PBXFileReference; lastKnownFileType = folder.assetcatalog; path = Assets.xcassets; sourceTree = "<group>"; };
		4589555629719D28009BE1C2 /* Base */ = {isa = PBXFileReference; lastKnownFileType = file.storyboard; name = Base; path = Base.lproj/LaunchScreen.storyboard; sourceTree = "<group>"; };
		4589555829719D28009BE1C2 /* Info.plist */ = {isa = PBXFileReference; lastKnownFileType = text.plist.xml; path = Info.plist; sourceTree = "<group>"; };
		4589555D29719D28009BE1C2 /* FirebaseFreehandProjectLarsenTests.xctest */ = {isa = PBXFileReference; explicitFileType = wrapper.cfbundle; includeInIndex = 0; path = FirebaseFreehandProjectLarsenTests.xctest; sourceTree = BUILT_PRODUCTS_DIR; };
		4589556129719D28009BE1C2 /* FirebaseFreehandProjectLarsenTests.swift */ = {isa = PBXFileReference; lastKnownFileType = sourcecode.swift; path = FirebaseFreehandProjectLarsenTests.swift; sourceTree = "<group>"; };
		4589556729719D28009BE1C2 /* FirebaseFreehandProjectLarsenUITests.xctest */ = {isa = PBXFileReference; explicitFileType = wrapper.cfbundle; includeInIndex = 0; path = FirebaseFreehandProjectLarsenUITests.xctest; sourceTree = BUILT_PRODUCTS_DIR; };
		4589556B29719D28009BE1C2 /* FirebaseFreehandProjectLarsenUITests.swift */ = {isa = PBXFileReference; lastKnownFileType = sourcecode.swift; path = FirebaseFreehandProjectLarsenUITests.swift; sourceTree = "<group>"; };
		4589556D29719D28009BE1C2 /* FirebaseFreehandProjectLarsenUITestsLaunchTests.swift */ = {isa = PBXFileReference; lastKnownFileType = sourcecode.swift; path = FirebaseFreehandProjectLarsenUITestsLaunchTests.swift; sourceTree = "<group>"; };
		4589557A29719D4C009BE1C2 /* GoogleService-Info.plist */ = {isa = PBXFileReference; fileEncoding = 4; lastKnownFileType = text.plist.xml; path = "GoogleService-Info.plist"; sourceTree = "<group>"; };
/* End PBXFileReference section */

/* Begin PBXFrameworksBuildPhase section */
		4589554429719D26009BE1C2 /* Frameworks */ = {
			isa = PBXFrameworksBuildPhase;
			buildActionMask = 2147483647;
			files = (
				458C97E62976DB8B007C19C8 /* FirebaseDatabaseSwift in Frameworks */,
				458C97E82976DB8B007C19C8 /* FirebaseFirestore in Frameworks */,
				458C97E42976DB8B007C19C8 /* FirebaseDatabase in Frameworks */,
				458C97E22976DB8B007C19C8 /* FirebaseAuth in Frameworks */,
			);
			runOnlyForDeploymentPostprocessing = 0;
		};
		4589555A29719D28009BE1C2 /* Frameworks */ = {
			isa = PBXFrameworksBuildPhase;
			buildActionMask = 2147483647;
			files = (
			);
			runOnlyForDeploymentPostprocessing = 0;
		};
		4589556429719D28009BE1C2 /* Frameworks */ = {
			isa = PBXFrameworksBuildPhase;
			buildActionMask = 2147483647;
			files = (
			);
			runOnlyForDeploymentPostprocessing = 0;
		};
/* End PBXFrameworksBuildPhase section */

/* Begin PBXGroup section */
		4589553E29719D26009BE1C2 = {
			isa = PBXGroup;
			children = (
				4589554929719D26009BE1C2 /* FirebaseFreehandProjectLarsen */,
				4589556029719D28009BE1C2 /* FirebaseFreehandProjectLarsenTests */,
				4589556A29719D28009BE1C2 /* FirebaseFreehandProjectLarsenUITests */,
				4589554829719D26009BE1C2 /* Products */,
			);
			sourceTree = "<group>";
		};
		4589554829719D26009BE1C2 /* Products */ = {
			isa = PBXGroup;
			children = (
				4589554729719D26009BE1C2 /* FirebaseFreehandProjectLarsen.app */,
				4589555D29719D28009BE1C2 /* FirebaseFreehandProjectLarsenTests.xctest */,
				4589556729719D28009BE1C2 /* FirebaseFreehandProjectLarsenUITests.xctest */,
			);
			name = Products;
			sourceTree = "<group>";
		};
		4589554929719D26009BE1C2 /* FirebaseFreehandProjectLarsen */ = {
			isa = PBXGroup;
			children = (
				4589554A29719D26009BE1C2 /* AppDelegate.swift */,
				4589554C29719D26009BE1C2 /* SceneDelegate.swift */,
				4589554E29719D26009BE1C2 /* ViewController.swift */,
				4589555029719D26009BE1C2 /* Main.storyboard */,
				4589555329719D28009BE1C2 /* Assets.xcassets */,
				4589555529719D28009BE1C2 /* LaunchScreen.storyboard */,
				4589555829719D28009BE1C2 /* Info.plist */,
				4589557A29719D4C009BE1C2 /* GoogleService-Info.plist */,
			);
			path = FirebaseFreehandProjectLarsen;
			sourceTree = "<group>";
		};
		4589556029719D28009BE1C2 /* FirebaseFreehandProjectLarsenTests */ = {
			isa = PBXGroup;
			children = (
				4589556129719D28009BE1C2 /* FirebaseFreehandProjectLarsenTests.swift */,
			);
			path = FirebaseFreehandProjectLarsenTests;
			sourceTree = "<group>";
		};
		4589556A29719D28009BE1C2 /* FirebaseFreehandProjectLarsenUITests */ = {
			isa = PBXGroup;
			children = (
				4589556B29719D28009BE1C2 /* FirebaseFreehandProjectLarsenUITests.swift */,
				4589556D29719D28009BE1C2 /* FirebaseFreehandProjectLarsenUITestsLaunchTests.swift */,
			);
			path = FirebaseFreehandProjectLarsenUITests;
			sourceTree = "<group>";
		};
/* End PBXGroup section */

/* Begin PBXNativeTarget section */
		4589554629719D26009BE1C2 /* FirebaseFreehandProjectLarsen */ = {
			isa = PBXNativeTarget;
			buildConfigurationList = 4589557129719D28009BE1C2 /* Build configuration list for PBXNativeTarget "FirebaseFreehandProjectLarsen" */;
			buildPhases = (
				4589554329719D26009BE1C2 /* Sources */,
				4589554429719D26009BE1C2 /* Frameworks */,
				4589554529719D26009BE1C2 /* Resources */,
			);
			buildRules = (
			);
			dependencies = (
			);
			name = FirebaseFreehandProjectLarsen;
			packageProductDependencies = (
				458C97E12976DB8B007C19C8 /* FirebaseAuth */,
				458C97E32976DB8B007C19C8 /* FirebaseDatabase */,
				458C97E52976DB8B007C19C8 /* FirebaseDatabaseSwift */,
				458C97E72976DB8B007C19C8 /* FirebaseFirestore */,
			);
			productName = FirebaseFreehandProjectLarsen;
			productReference = 4589554729719D26009BE1C2 /* FirebaseFreehandProjectLarsen.app */;
			productType = "com.apple.product-type.application";
		};
		4589555C29719D28009BE1C2 /* FirebaseFreehandProjectLarsenTests */ = {
			isa = PBXNativeTarget;
			buildConfigurationList = 4589557429719D28009BE1C2 /* Build configuration list for PBXNativeTarget "FirebaseFreehandProjectLarsenTests" */;
			buildPhases = (
				4589555929719D28009BE1C2 /* Sources */,
				4589555A29719D28009BE1C2 /* Frameworks */,
				4589555B29719D28009BE1C2 /* Resources */,
			);
			buildRules = (
			);
			dependencies = (
				4589555F29719D28009BE1C2 /* PBXTargetDependency */,
			);
			name = FirebaseFreehandProjectLarsenTests;
			productName = FirebaseFreehandProjectLarsenTests;
			productReference = 4589555D29719D28009BE1C2 /* FirebaseFreehandProjectLarsenTests.xctest */;
			productType = "com.apple.product-type.bundle.unit-test";
		};
		4589556629719D28009BE1C2 /* FirebaseFreehandProjectLarsenUITests */ = {
			isa = PBXNativeTarget;
			buildConfigurationList = 4589557729719D28009BE1C2 /* Build configuration list for PBXNativeTarget "FirebaseFreehandProjectLarsenUITests" */;
			buildPhases = (
				4589556329719D28009BE1C2 /* Sources */,
				4589556429719D28009BE1C2 /* Frameworks */,
				4589556529719D28009BE1C2 /* Resources */,
			);
			buildRules = (
			);
			dependencies = (
				4589556929719D28009BE1C2 /* PBXTargetDependency */,
			);
			name = FirebaseFreehandProjectLarsenUITests;
			productName = FirebaseFreehandProjectLarsenUITests;
			productReference = 4589556729719D28009BE1C2 /* FirebaseFreehandProjectLarsenUITests.xctest */;
			productType = "com.apple.product-type.bundle.ui-testing";
		};
/* End PBXNativeTarget section */

/* Begin PBXProject section */
		4589553F29719D26009BE1C2 /* Project object */ = {
			isa = PBXProject;
			attributes = {
				BuildIndependentTargetsInParallel = 1;
				LastSwiftUpdateCheck = 1420;
				LastUpgradeCheck = 1420;
				TargetAttributes = {
					4589554629719D26009BE1C2 = {
						CreatedOnToolsVersion = 14.2;
					};
					4589555C29719D28009BE1C2 = {
						CreatedOnToolsVersion = 14.2;
						TestTargetID = 4589554629719D26009BE1C2;
					};
					4589556629719D28009BE1C2 = {
						CreatedOnToolsVersion = 14.2;
						TestTargetID = 4589554629719D26009BE1C2;
					};
				};
			};
			buildConfigurationList = 4589554229719D26009BE1C2 /* Build configuration list for PBXProject "FirebaseFreehandProjectLarsen" */;
			compatibilityVersion = "Xcode 14.0";
			developmentRegion = en;
			hasScannedForEncodings = 0;
			knownRegions = (
				en,
				Base,
			);
			mainGroup = 4589553E29719D26009BE1C2;
			packageReferences = (
				458C97E02976DB8B007C19C8 /* XCRemoteSwiftPackageReference "firebase-ios-sdk" */,
			);
			productRefGroup = 4589554829719D26009BE1C2 /* Products */;
			projectDirPath = "";
			projectRoot = "";
			targets = (
				4589554629719D26009BE1C2 /* FirebaseFreehandProjectLarsen */,
				4589555C29719D28009BE1C2 /* FirebaseFreehandProjectLarsenTests */,
				4589556629719D28009BE1C2 /* FirebaseFreehandProjectLarsenUITests */,
			);
		};
/* End PBXProject section */

/* Begin PBXResourcesBuildPhase section */
		4589554529719D26009BE1C2 /* Resources */ = {
			isa = PBXResourcesBuildPhase;
			buildActionMask = 2147483647;
			files = (
				4589555729719D28009BE1C2 /* LaunchScreen.storyboard in Resources */,
				4589555429719D28009BE1C2 /* Assets.xcassets in Resources */,
				4589555229719D26009BE1C2 /* Main.storyboard in Resources */,
				4589557B29719D4D009BE1C2 /* GoogleService-Info.plist in Resources */,
			);
			runOnlyForDeploymentPostprocessing = 0;
		};
		4589555B29719D28009BE1C2 /* Resources */ = {
			isa = PBXResourcesBuildPhase;
			buildActionMask = 2147483647;
			files = (
			);
			runOnlyForDeploymentPostprocessing = 0;
		};
		4589556529719D28009BE1C2 /* Resources */ = {
			isa = PBXResourcesBuildPhase;
			buildActionMask = 2147483647;
			files = (
			);
			runOnlyForDeploymentPostprocessing = 0;
		};
/* End PBXResourcesBuildPhase section */

/* Begin PBXSourcesBuildPhase section */
		4589554329719D26009BE1C2 /* Sources */ = {
			isa = PBXSourcesBuildPhase;
			buildActionMask = 2147483647;
			files = (
				4589554F29719D26009BE1C2 /* ViewController.swift in Sources */,
				4589554B29719D26009BE1C2 /* AppDelegate.swift in Sources */,
				4589554D29719D26009BE1C2 /* SceneDelegate.swift in Sources */,
			);
			runOnlyForDeploymentPostprocessing = 0;
		};
		4589555929719D28009BE1C2 /* Sources */ = {
			isa = PBXSourcesBuildPhase;
			buildActionMask = 2147483647;
			files = (
				4589556229719D28009BE1C2 /* FirebaseFreehandProjectLarsenTests.swift in Sources */,
			);
			runOnlyForDeploymentPostprocessing = 0;
		};
		4589556329719D28009BE1C2 /* Sources */ = {
			isa = PBXSourcesBuildPhase;
			buildActionMask = 2147483647;
			files = (
				4589556C29719D28009BE1C2 /* FirebaseFreehandProjectLarsenUITests.swift in Sources */,
				4589556E29719D28009BE1C2 /* FirebaseFreehandProjectLarsenUITestsLaunchTests.swift in Sources */,
			);
			runOnlyForDeploymentPostprocessing = 0;
		};
/* End PBXSourcesBuildPhase section */

/* Begin PBXTargetDependency section */
		4589555F29719D28009BE1C2 /* PBXTargetDependency */ = {
			isa = PBXTargetDependency;
			target = 4589554629719D26009BE1C2 /* FirebaseFreehandProjectLarsen */;
			targetProxy = 4589555E29719D28009BE1C2 /* PBXContainerItemProxy */;
		};
		4589556929719D28009BE1C2 /* PBXTargetDependency */ = {
			isa = PBXTargetDependency;
			target = 4589554629719D26009BE1C2 /* FirebaseFreehandProjectLarsen */;
			targetProxy = 4589556829719D28009BE1C2 /* PBXContainerItemProxy */;
		};
/* End PBXTargetDependency section */

/* Begin PBXVariantGroup section */
		4589555029719D26009BE1C2 /* Main.storyboard */ = {
			isa = PBXVariantGroup;
			children = (
				4589555129719D26009BE1C2 /* Base */,
			);
			name = Main.storyboard;
			sourceTree = "<group>";
		};
		4589555529719D28009BE1C2 /* LaunchScreen.storyboard */ = {
			isa = PBXVariantGroup;
			children = (
				4589555629719D28009BE1C2 /* Base */,
			);
			name = LaunchScreen.storyboard;
			sourceTree = "<group>";
		};
/* End PBXVariantGroup section */

/* Begin XCBuildConfiguration section */
		4589556F29719D28009BE1C2 /* Debug */ = {
			isa = XCBuildConfiguration;
			buildSettings = {
				ALWAYS_SEARCH_USER_PATHS = NO;
				CLANG_ANALYZER_NONNULL = YES;
				CLANG_ANALYZER_NUMBER_OBJECT_CONVERSION = YES_AGGRESSIVE;
				CLANG_CXX_LANGUAGE_STANDARD = "gnu++20";
				CLANG_ENABLE_MODULES = YES;
				CLANG_ENABLE_OBJC_ARC = YES;
				CLANG_ENABLE_OBJC_WEAK = YES;
				CLANG_WARN_BLOCK_CAPTURE_AUTORELEASING = YES;
				CLANG_WARN_BOOL_CONVERSION = YES;
				CLANG_WARN_COMMA = YES;
				CLANG_WARN_CONSTANT_CONVERSION = YES;
				CLANG_WARN_DEPRECATED_OBJC_IMPLEMENTATIONS = YES;
				CLANG_WARN_DIRECT_OBJC_ISA_USAGE = YES_ERROR;
				CLANG_WARN_DOCUMENTATION_COMMENTS = YES;
				CLANG_WARN_EMPTY_BODY = YES;
				CLANG_WARN_ENUM_CONVERSION = YES;
				CLANG_WARN_INFINITE_RECURSION = YES;
				CLANG_WARN_INT_CONVERSION = YES;
				CLANG_WARN_NON_LITERAL_NULL_CONVERSION = YES;
				CLANG_WARN_OBJC_IMPLICIT_RETAIN_SELF = YES;
				CLANG_WARN_OBJC_LITERAL_CONVERSION = YES;
				CLANG_WARN_OBJC_ROOT_CLASS = YES_ERROR;
				CLANG_WARN_QUOTED_INCLUDE_IN_FRAMEWORK_HEADER = YES;
				CLANG_WARN_RANGE_LOOP_ANALYSIS = YES;
				CLANG_WARN_STRICT_PROTOTYPES = YES;
				CLANG_WARN_SUSPICIOUS_MOVE = YES;
				CLANG_WARN_UNGUARDED_AVAILABILITY = YES_AGGRESSIVE;
				CLANG_WARN_UNREACHABLE_CODE = YES;
				CLANG_WARN__DUPLICATE_METHOD_MATCH = YES;
				COPY_PHASE_STRIP = NO;
				DEBUG_INFORMATION_FORMAT = dwarf;
				ENABLE_STRICT_OBJC_MSGSEND = YES;
				ENABLE_TESTABILITY = YES;
				GCC_C_LANGUAGE_STANDARD = gnu11;
				GCC_DYNAMIC_NO_PIC = NO;
				GCC_NO_COMMON_BLOCKS = YES;
				GCC_OPTIMIZATION_LEVEL = 0;
				GCC_PREPROCESSOR_DEFINITIONS = (
					"DEBUG=1",
					"$(inherited)",
				);
				GCC_WARN_64_TO_32_BIT_CONVERSION = YES;
				GCC_WARN_ABOUT_RETURN_TYPE = YES_ERROR;
				GCC_WARN_UNDECLARED_SELECTOR = YES;
				GCC_WARN_UNINITIALIZED_AUTOS = YES_AGGRESSIVE;
				GCC_WARN_UNUSED_FUNCTION = YES;
				GCC_WARN_UNUSED_VARIABLE = YES;
				IPHONEOS_DEPLOYMENT_TARGET = 16.2;
				MTL_ENABLE_DEBUG_INFO = INCLUDE_SOURCE;
				MTL_FAST_MATH = YES;
				ONLY_ACTIVE_ARCH = YES;
				SDKROOT = iphoneos;
				SWIFT_ACTIVE_COMPILATION_CONDITIONS = DEBUG;
				SWIFT_OPTIMIZATION_LEVEL = "-Onone";
			};
			name = Debug;
		};
		4589557029719D28009BE1C2 /* Release */ = {
			isa = XCBuildConfiguration;
			buildSettings = {
				ALWAYS_SEARCH_USER_PATHS = NO;
				CLANG_ANALYZER_NONNULL = YES;
				CLANG_ANALYZER_NUMBER_OBJECT_CONVERSION = YES_AGGRESSIVE;
				CLANG_CXX_LANGUAGE_STANDARD = "gnu++20";
				CLANG_ENABLE_MODULES = YES;
				CLANG_ENABLE_OBJC_ARC = YES;
				CLANG_ENABLE_OBJC_WEAK = YES;
				CLANG_WARN_BLOCK_CAPTURE_AUTORELEASING = YES;
				CLANG_WARN_BOOL_CONVERSION = YES;
				CLANG_WARN_COMMA = YES;
				CLANG_WARN_CONSTANT_CONVERSION = YES;
				CLANG_WARN_DEPRECATED_OBJC_IMPLEMENTATIONS = YES;
				CLANG_WARN_DIRECT_OBJC_ISA_USAGE = YES_ERROR;
				CLANG_WARN_DOCUMENTATION_COMMENTS = YES;
				CLANG_WARN_EMPTY_BODY = YES;
				CLANG_WARN_ENUM_CONVERSION = YES;
				CLANG_WARN_INFINITE_RECURSION = YES;
				CLANG_WARN_INT_CONVERSION = YES;
				CLANG_WARN_NON_LITERAL_NULL_CONVERSION = YES;
				CLANG_WARN_OBJC_IMPLICIT_RETAIN_SELF = YES;
				CLANG_WARN_OBJC_LITERAL_CONVERSION = YES;
				CLANG_WARN_OBJC_ROOT_CLASS = YES_ERROR;
				CLANG_WARN_QUOTED_INCLUDE_IN_FRAMEWORK_HEADER = YES;
				CLANG_WARN_RANGE_LOOP_ANALYSIS = YES;
				CLANG_WARN_STRICT_PROTOTYPES = YES;
				CLANG_WARN_SUSPICIOUS_MOVE = YES;
				CLANG_WARN_UNGUARDED_AVAILABILITY = YES_AGGRESSIVE;
				CLANG_WARN_UNREACHABLE_CODE = YES;
				CLANG_WARN__DUPLICATE_METHOD_MATCH = YES;
				COPY_PHASE_STRIP = NO;
				DEBUG_INFORMATION_FORMAT = "dwarf-with-dsym";
				ENABLE_NS_ASSERTIONS = NO;
				ENABLE_STRICT_OBJC_MSGSEND = YES;
				GCC_C_LANGUAGE_STANDARD = gnu11;
				GCC_NO_COMMON_BLOCKS = YES;
				GCC_WARN_64_TO_32_BIT_CONVERSION = YES;
				GCC_WARN_ABOUT_RETURN_TYPE = YES_ERROR;
				GCC_WARN_UNDECLARED_SELECTOR = YES;
				GCC_WARN_UNINITIALIZED_AUTOS = YES_AGGRESSIVE;
				GCC_WARN_UNUSED_FUNCTION = YES;
				GCC_WARN_UNUSED_VARIABLE = YES;
				IPHONEOS_DEPLOYMENT_TARGET = 16.2;
				MTL_ENABLE_DEBUG_INFO = NO;
				MTL_FAST_MATH = YES;
				SDKROOT = iphoneos;
				SWIFT_COMPILATION_MODE = wholemodule;
				SWIFT_OPTIMIZATION_LEVEL = "-O";
				VALIDATE_PRODUCT = YES;
			};
			name = Release;
		};
		4589557229719D28009BE1C2 /* Debug */ = {
			isa = XCBuildConfiguration;
			buildSettings = {
				ASSETCATALOG_COMPILER_APPICON_NAME = AppIcon;
				ASSETCATALOG_COMPILER_GLOBAL_ACCENT_COLOR_NAME = AccentColor;
				CODE_SIGN_STYLE = Automatic;
				CURRENT_PROJECT_VERSION = 1;
				DEVELOPMENT_TEAM = WYB643GNM9;
				GENERATE_INFOPLIST_FILE = YES;
				INFOPLIST_FILE = FirebaseFreehandProjectLarsen/Info.plist;
				INFOPLIST_KEY_UIApplicationSupportsIndirectInputEvents = YES;
				INFOPLIST_KEY_UILaunchStoryboardName = LaunchScreen;
				INFOPLIST_KEY_UIMainStoryboardFile = Main;
				INFOPLIST_KEY_UISupportedInterfaceOrientations_iPad = "UIInterfaceOrientationPortrait UIInterfaceOrientationPortraitUpsideDown UIInterfaceOrientationLandscapeLeft UIInterfaceOrientationLandscapeRight";
				INFOPLIST_KEY_UISupportedInterfaceOrientations_iPhone = "UIInterfaceOrientationPortrait UIInterfaceOrientationLandscapeLeft UIInterfaceOrientationLandscapeRight";
				LD_RUNPATH_SEARCH_PATHS = (
					"$(inherited)",
					"@executable_path/Frameworks",
				);
				MARKETING_VERSION = 1.0;
				PRODUCT_BUNDLE_IDENTIFIER = CLC.FirebaseFreehandProjectLarsen;
				PRODUCT_NAME = "$(TARGET_NAME)";
				SWIFT_EMIT_LOC_STRINGS = YES;
				SWIFT_VERSION = 5.0;
				TARGETED_DEVICE_FAMILY = "1,2";
			};
			name = Debug;
		};
		4589557329719D28009BE1C2 /* Release */ = {
			isa = XCBuildConfiguration;
			buildSettings = {
				ASSETCATALOG_COMPILER_APPICON_NAME = AppIcon;
				ASSETCATALOG_COMPILER_GLOBAL_ACCENT_COLOR_NAME = AccentColor;
				CODE_SIGN_STYLE = Automatic;
				CURRENT_PROJECT_VERSION = 1;
				DEVELOPMENT_TEAM = WYB643GNM9;
				GENERATE_INFOPLIST_FILE = YES;
				INFOPLIST_FILE = FirebaseFreehandProjectLarsen/Info.plist;
				INFOPLIST_KEY_UIApplicationSupportsIndirectInputEvents = YES;
				INFOPLIST_KEY_UILaunchStoryboardName = LaunchScreen;
				INFOPLIST_KEY_UIMainStoryboardFile = Main;
				INFOPLIST_KEY_UISupportedInterfaceOrientations_iPad = "UIInterfaceOrientationPortrait UIInterfaceOrientationPortraitUpsideDown UIInterfaceOrientationLandscapeLeft UIInterfaceOrientationLandscapeRight";
				INFOPLIST_KEY_UISupportedInterfaceOrientations_iPhone = "UIInterfaceOrientationPortrait UIInterfaceOrientationLandscapeLeft UIInterfaceOrientationLandscapeRight";
				LD_RUNPATH_SEARCH_PATHS = (
					"$(inherited)",
					"@executable_path/Frameworks",
				);
				MARKETING_VERSION = 1.0;
				PRODUCT_BUNDLE_IDENTIFIER = CLC.FirebaseFreehandProjectLarsen;
				PRODUCT_NAME = "$(TARGET_NAME)";
				SWIFT_EMIT_LOC_STRINGS = YES;
				SWIFT_VERSION = 5.0;
				TARGETED_DEVICE_FAMILY = "1,2";
			};
			name = Release;
		};
		4589557529719D28009BE1C2 /* Debug */ = {
			isa = XCBuildConfiguration;
			buildSettings = {
				ALWAYS_EMBED_SWIFT_STANDARD_LIBRARIES = YES;
				BUNDLE_LOADER = "$(TEST_HOST)";
				CODE_SIGN_STYLE = Automatic;
				CURRENT_PROJECT_VERSION = 1;
				DEVELOPMENT_TEAM = WYB643GNM9;
				GENERATE_INFOPLIST_FILE = YES;
				IPHONEOS_DEPLOYMENT_TARGET = 16.2;
				MARKETING_VERSION = 1.0;
				PRODUCT_BUNDLE_IDENTIFIER = CLC.FirebaseFreehandProjectLarsenTests;
				PRODUCT_NAME = "$(TARGET_NAME)";
				SWIFT_EMIT_LOC_STRINGS = NO;
				SWIFT_VERSION = 5.0;
				TARGETED_DEVICE_FAMILY = "1,2";
				TEST_HOST = "$(BUILT_PRODUCTS_DIR)/FirebaseFreehandProjectLarsen.app/$(BUNDLE_EXECUTABLE_FOLDER_PATH)/FirebaseFreehandProjectLarsen";
			};
			name = Debug;
		};
		4589557629719D28009BE1C2 /* Release */ = {
			isa = XCBuildConfiguration;
			buildSettings = {
				ALWAYS_EMBED_SWIFT_STANDARD_LIBRARIES = YES;
				BUNDLE_LOADER = "$(TEST_HOST)";
				CODE_SIGN_STYLE = Automatic;
				CURRENT_PROJECT_VERSION = 1;
				DEVELOPMENT_TEAM = WYB643GNM9;
				GENERATE_INFOPLIST_FILE = YES;
				IPHONEOS_DEPLOYMENT_TARGET = 16.2;
				MARKETING_VERSION = 1.0;
				PRODUCT_BUNDLE_IDENTIFIER = CLC.FirebaseFreehandProjectLarsenTests;
				PRODUCT_NAME = "$(TARGET_NAME)";
				SWIFT_EMIT_LOC_STRINGS = NO;
				SWIFT_VERSION = 5.0;
				TARGETED_DEVICE_FAMILY = "1,2";
				TEST_HOST = "$(BUILT_PRODUCTS_DIR)/FirebaseFreehandProjectLarsen.app/$(BUNDLE_EXECUTABLE_FOLDER_PATH)/FirebaseFreehandProjectLarsen";
			};
			name = Release;
		};
		4589557829719D28009BE1C2 /* Debug */ = {
			isa = XCBuildConfiguration;
			buildSettings = {
				ALWAYS_EMBED_SWIFT_STANDARD_LIBRARIES = YES;
				CODE_SIGN_STYLE = Automatic;
				CURRENT_PROJECT_VERSION = 1;
				DEVELOPMENT_TEAM = WYB643GNM9;
				GENERATE_INFOPLIST_FILE = YES;
				MARKETING_VERSION = 1.0;
				PRODUCT_BUNDLE_IDENTIFIER = CLC.FirebaseFreehandProjectLarsenUITests;
				PRODUCT_NAME = "$(TARGET_NAME)";
				SWIFT_EMIT_LOC_STRINGS = NO;
				SWIFT_VERSION = 5.0;
				TARGETED_DEVICE_FAMILY = "1,2";
				TEST_TARGET_NAME = FirebaseFreehandProjectLarsen;
			};
			name = Debug;
		};
		4589557929719D28009BE1C2 /* Release */ = {
			isa = XCBuildConfiguration;
			buildSettings = {
				ALWAYS_EMBED_SWIFT_STANDARD_LIBRARIES = YES;
				CODE_SIGN_STYLE = Automatic;
				CURRENT_PROJECT_VERSION = 1;
				DEVELOPMENT_TEAM = WYB643GNM9;
				GENERATE_INFOPLIST_FILE = YES;
				MARKETING_VERSION = 1.0;
				PRODUCT_BUNDLE_IDENTIFIER = CLC.FirebaseFreehandProjectLarsenUITests;
				PRODUCT_NAME = "$(TARGET_NAME)";
				SWIFT_EMIT_LOC_STRINGS = NO;
				SWIFT_VERSION = 5.0;
				TARGETED_DEVICE_FAMILY = "1,2";
				TEST_TARGET_NAME = FirebaseFreehandProjectLarsen;
			};
			name = Release;
		};
/* End XCBuildConfiguration section */

/* Begin XCConfigurationList section */
		4589554229719D26009BE1C2 /* Build configuration list for PBXProject "FirebaseFreehandProjectLarsen" */ = {
			isa = XCConfigurationList;
			buildConfigurations = (
				4589556F29719D28009BE1C2 /* Debug */,
				4589557029719D28009BE1C2 /* Release */,
			);
			defaultConfigurationIsVisible = 0;
			defaultConfigurationName = Release;
		};
		4589557129719D28009BE1C2 /* Build configuration list for PBXNativeTarget "FirebaseFreehandProjectLarsen" */ = {
			isa = XCConfigurationList;
			buildConfigurations = (
				4589557229719D28009BE1C2 /* Debug */,
				4589557329719D28009BE1C2 /* Release */,
			);
			defaultConfigurationIsVisible = 0;
			defaultConfigurationName = Release;
		};
		4589557429719D28009BE1C2 /* Build configuration list for PBXNativeTarget "FirebaseFreehandProjectLarsenTests" */ = {
			isa = XCConfigurationList;
			buildConfigurations = (
				4589557529719D28009BE1C2 /* Debug */,
				4589557629719D28009BE1C2 /* Release */,
			);
			defaultConfigurationIsVisible = 0;
			defaultConfigurationName = Release;
		};
		4589557729719D28009BE1C2 /* Build configuration list for PBXNativeTarget "FirebaseFreehandProjectLarsenUITests" */ = {
			isa = XCConfigurationList;
			buildConfigurations = (
				4589557829719D28009BE1C2 /* Debug */,
				4589557929719D28009BE1C2 /* Release */,
			);
			defaultConfigurationIsVisible = 0;
			defaultConfigurationName = Release;
		};
/* End XCConfigurationList section */

/* Begin XCRemoteSwiftPackageReference section */
		458C97E02976DB8B007C19C8 /* XCRemoteSwiftPackageReference "firebase-ios-sdk" */ = {
			isa = XCRemoteSwiftPackageReference;
			repositoryURL = "https://github.com/firebase/firebase-ios-sdk";
			requirement = {
				kind = upToNextMajorVersion;
				minimumVersion = 9.0.0;
			};
		};
/* End XCRemoteSwiftPackageReference section */

/* Begin XCSwiftPackageProductDependency section */
		458C97E12976DB8B007C19C8 /* FirebaseAuth */ = {
			isa = XCSwiftPackageProductDependency;
			package = 458C97E02976DB8B007C19C8 /* XCRemoteSwiftPackageReference "firebase-ios-sdk" */;
			productName = FirebaseAuth;
		};
		458C97E32976DB8B007C19C8 /* FirebaseDatabase */ = {
			isa = XCSwiftPackageProductDependency;
			package = 458C97E02976DB8B007C19C8 /* XCRemoteSwiftPackageReference "firebase-ios-sdk" */;
			productName = FirebaseDatabase;
		};
		458C97E52976DB8B007C19C8 /* FirebaseDatabaseSwift */ = {
			isa = XCSwiftPackageProductDependency;
			package = 458C97E02976DB8B007C19C8 /* XCRemoteSwiftPackageReference "firebase-ios-sdk" */;
			productName = FirebaseDatabaseSwift;
		};
		458C97E72976DB8B007C19C8 /* FirebaseFirestore */ = {
			isa = XCSwiftPackageProductDependency;
			package = 458C97E02976DB8B007C19C8 /* XCRemoteSwiftPackageReference "firebase-ios-sdk" */;
			productName = FirebaseFirestore;
		};
/* End XCSwiftPackageProductDependency section */
	};
	rootObject = 4589553F29719D26009BE1C2 /* Project object */;
}
